{
  "name": "zsnowflake",
  "version": "1.0.0",
  "lockfileVersion": 1,
  "requires": true,
  "dependencies": {
    "zlocker": {
      "version": "1.0.1",
      "resolved": "https://registry.npmjs.org/zlocker/-/zlocker-1.0.1.tgz",
      "integrity": "sha512-xvnA6kP/S45yxTysn5o+kh1RfLT70qE+JPejKnKyFuBfkZ49F5gOXRliEMZ2uweO75ZhMuGaBFMxFZPPsmbcEw=="
    }
  }
}
